schema: '2.0'
stages:
  filter_copy:
    cmd: ' '
    deps:
    - path: new_train_data/
      hash: md5
      md5: d751713988987e9331980363e24189ce.dir
      size: 0
      nfiles: 0
    - path: src/prepare_data.py
      hash: md5
      md5: 6c3b5a7b04cb233acee9fd1f5e4f0a98
      size: 1349
    params:
      params.yaml:
        train.validation_split: 0.2
    outs:
    - path: data/
      hash: md5
      md5: f6afbe2dc4c5176d1523014cec60db29.dir
      size: 64128504
      nfiles: 2800
