schema: '2.0'
stages:
  filter_copy:
    cmd: python src/prepare_data.py new_train_data/ data/
    deps:
    - path: new_train_data/
      hash: md5
      md5: 4a4609f6cd72bf796bd3a5ef21df1e2f.dir
      size: 64128504
      nfiles: 2800
    - path: src/prepare_data.py
      hash: md5
      md5: 6c3b5a7b04cb233acee9fd1f5e4f0a98
      size: 1349
    params:
      params.yaml:
        train.validation_split: 0.25
    outs:
    - path: data/
      hash: md5
      md5: d751713988987e9331980363e24189ce.dir
      size: 0
      nfiles: 0
  train:
    cmd: python src/train_model.py data/
    deps:
    - path: data/
      hash: md5
      md5: d751713988987e9331980363e24189ce.dir
      size: 0
      nfiles: 0
    - path: src/train_model.py
      hash: md5
      md5: 1d4f431abbaba8bda7ee80c55d4ae188
      size: 601
    params:
      params.yaml:
        train.device: 0
        train.epochs: 15
        train.model: yolov8n-cls.pt
        train.resume: false
        train.validation_split: 0.25
    outs:
    - path: runs/
      hash: md5
      md5: d751713988987e9331980363e24189ce.dir
      size: 0
      nfiles: 0
